
Microsoft Visual Studio Solution File, Format Version 12.00
# Visual Studio Version 17
VisualStudioVersion = 17.6.33712.159
MinimumVisualStudioVersion = 10.0.40219.1
Project("{FAE04EC0-301F-11D3-BF4B-00C04F79EFBC}") = "DesignPatternsGOF", "DesignPatternsGOF.csproj", "{C317F970-97BD-4B6B-ACB2-F8DEDA78FE47}"
EndProject
Global
	GlobalSection(SolutionConfigurationPlatforms) = preSolution
		Debug|Any CPU = Debug|Any CPU
		Release|Any CPU = Release|Any CPU
	EndGlobalSection
	GlobalSection(ProjectConfigurationPlatforms) = postSolution
		{C317F970-97BD-4B6B-ACB2-F8DEDA78FE47}.Debug|Any CPU.ActiveCfg = Debug|Any CPU
		{C317F970-97BD-4B6B-ACB2-F8DEDA78FE47}.Debug|Any CPU.Build.0 = Debug|Any CPU
		{C317F970-97BD-4B6B-ACB2-F8DEDA78FE47}.Release|Any CPU.ActiveCfg = Release|Any CPU
		{C317F970-97BD-4B6B-ACB2-F8DEDA78FE47}.Release|Any CPU.Build.0 = Release|Any CPU
	EndGlobalSection
	GlobalSection(SolutionProperties) = preSolution
		HideSolutionNode = FALSE
	EndGlobalSection
	GlobalSection(ExtensibilityGlobals) = postSolution
		SolutionGuid = {AA0B1AC9-14FD-4AC3-A052-37D857430B52}
	EndGlobalSection
EndGlobal
