
Microsoft Visual Studio Solution File, Format Version 12.00
# Visual Studio Version 17
VisualStudioVersion = 17.7.34031.279
MinimumVisualStudioVersion = 10.0.40219.1
Project("{FAE04EC0-301F-11D3-BF4B-00C04F79EFBC}") = "DesignPatternsGoF", "DesignPatternsGoF\DesignPatternsGoF.csproj", "{48C85C46-B444-4D33-9CFF-EEA415C21BFF}"
EndProject
Global
	GlobalSection(SolutionConfigurationPlatforms) = preSolution
		Debug|Any CPU = Debug|Any CPU
		Release|Any CPU = Release|Any CPU
	EndGlobalSection
	GlobalSection(ProjectConfigurationPlatforms) = postSolution
		{48C85C46-B444-4D33-9CFF-EEA415C21BFF}.Debug|Any CPU.ActiveCfg = Debug|Any CPU
		{48C85C46-B444-4D33-9CFF-EEA415C21BFF}.Debug|Any CPU.Build.0 = Debug|Any CPU
		{48C85C46-B444-4D33-9CFF-EEA415C21BFF}.Release|Any CPU.ActiveCfg = Release|Any CPU
		{48C85C46-B444-4D33-9CFF-EEA415C21BFF}.Release|Any CPU.Build.0 = Release|Any CPU
	EndGlobalSection
	GlobalSection(SolutionProperties) = preSolution
		HideSolutionNode = FALSE
	EndGlobalSection
	GlobalSection(ExtensibilityGlobals) = postSolution
		SolutionGuid = {DFC199C6-998B-40D9-A361-8D5C5642E250}
	EndGlobalSection
EndGlobal
